// !$*UTF8*$!
{
	archiveVersion = 1;
	classes = {
	};
	objectVersion = 56;
	objects = {

/* Begin PBXBuildFile section */
		9547B9FB2A7DC4AA00E2B097 /* DetailEditView.swift in Sources */ = {isa = PBXBuildFile; fileRef = 9547B9FA2A7DC4AA00E2B097 /* DetailEditView.swift */; };
		9547B9FD2A7DC54200E2B097 /* DetailView.swift in Sources */ = {isa = PBXBuildFile; fileRef = 9547B9FC2A7DC54200E2B097 /* DetailView.swift */; };
		9547B9FF2A7DCC7600E2B097 /* ThemeView.swift in Sources */ = {isa = PBXBuildFile; fileRef = 9547B9FE2A7DCC7600E2B097 /* ThemeView.swift */; };
		9547BA012A7DCE8600E2B097 /* ThemePicker.swift in Sources */ = {isa = PBXBuildFile; fileRef = 9547BA002A7DCE8600E2B097 /* ThemePicker.swift */; };
		9547BA032A7E900500E2B097 /* MeetingHeaderView.swift in Sources */ = {isa = PBXBuildFile; fileRef = 9547BA022A7E900500E2B097 /* MeetingHeaderView.swift */; };
		9547BA052A7E969000E2B097 /* ScrumTimer.swift in Sources */ = {isa = PBXBuildFile; fileRef = 9547BA042A7E969000E2B097 /* ScrumTimer.swift */; };
		9547BA072A7E974600E2B097 /* ScrumProgressViewStyle.swift in Sources */ = {isa = PBXBuildFile; fileRef = 9547BA062A7E974600E2B097 /* ScrumProgressViewStyle.swift */; };
		9547BA092A7E99E100E2B097 /* MeetingFooterView.swift in Sources */ = {isa = PBXBuildFile; fileRef = 9547BA082A7E99E100E2B097 /* MeetingFooterView.swift */; };
		9547BA0E2A7E9FAD00E2B097 /* AVPlayer+Ding.swift in Sources */ = {isa = PBXBuildFile; fileRef = 9547BA0D2A7E9FAD00E2B097 /* AVPlayer+Ding.swift */; };
		9547BA112A7EA19300E2B097 /* ding.wav in Resources */ = {isa = PBXBuildFile; fileRef = 9547BA102A7EA19300E2B097 /* ding.wav */; };
		954E3C202A77DF5F006B993A /* ScrumdingerApp.swift in Sources */ = {isa = PBXBuildFile; fileRef = 954E3C1F2A77DF5F006B993A /* ScrumdingerApp.swift */; };
		954E3C222A77DF5F006B993A /* MeetingView.swift in Sources */ = {isa = PBXBuildFile; fileRef = 954E3C212A77DF5F006B993A /* MeetingView.swift */; };
		954E3C242A77DF61006B993A /* Assets.xcassets in Resources */ = {isa = PBXBuildFile; fileRef = 954E3C232A77DF61006B993A /* Assets.xcassets */; };
		954E3C272A77DF61006B993A /* Preview Assets.xcassets in Resources */ = {isa = PBXBuildFile; fileRef = 954E3C262A77DF61006B993A /* Preview Assets.xcassets */; };
		95DDD3552A7B03F3001C06DB /* ScrumsView.swift in Sources */ = {isa = PBXBuildFile; fileRef = 95DDD3542A7B03F3001C06DB /* ScrumsView.swift */; };
		95F6C7D22A79C9F600D34B89 /* Theme.swift in Sources */ = {isa = PBXBuildFile; fileRef = 95F6C7D12A79C9F600D34B89 /* Theme.swift */; };
		95F6C7D42A79CCFB00D34B89 /* DailyScrum.swift in Sources */ = {isa = PBXBuildFile; fileRef = 95F6C7D32A79CCFA00D34B89 /* DailyScrum.swift */; };
		95F6C7D62A79CE4200D34B89 /* CardView.swift in Sources */ = {isa = PBXBuildFile; fileRef = 95F6C7D52A79CE4200D34B89 /* CardView.swift */; };
		95F6C7D82A79E0EF00D34B89 /* TrailingIconLabelStyle.swift in Sources */ = {isa = PBXBuildFile; fileRef = 95F6C7D72A79E0EF00D34B89 /* TrailingIconLabelStyle.swift */; };
/* End PBXBuildFile section */

/* Begin PBXFileReference section */
		9547B9FA2A7DC4AA00E2B097 /* DetailEditView.swift */ = {isa = PBXFileReference; lastKnownFileType = sourcecode.swift; path = DetailEditView.swift; sourceTree = "<group>"; };
		9547B9FC2A7DC54200E2B097 /* DetailView.swift */ = {isa = PBXFileReference; lastKnownFileType = sourcecode.swift; path = DetailView.swift; sourceTree = "<group>"; };
		9547B9FE2A7DCC7600E2B097 /* ThemeView.swift */ = {isa = PBXFileReference; lastKnownFileType = sourcecode.swift; path = ThemeView.swift; sourceTree = "<group>"; };
		9547BA002A7DCE8600E2B097 /* ThemePicker.swift */ = {isa = PBXFileReference; lastKnownFileType = sourcecode.swift; path = ThemePicker.swift; sourceTree = "<group>"; };
		9547BA022A7E900500E2B097 /* MeetingHeaderView.swift */ = {isa = PBXFileReference; lastKnownFileType = sourcecode.swift; path = MeetingHeaderView.swift; sourceTree = "<group>"; };
		9547BA042A7E969000E2B097 /* ScrumTimer.swift */ = {isa = PBXFileReference; lastKnownFileType = sourcecode.swift; path = ScrumTimer.swift; sourceTree = "<group>"; };
		9547BA062A7E974600E2B097 /* ScrumProgressViewStyle.swift */ = {isa = PBXFileReference; lastKnownFileType = sourcecode.swift; path = ScrumProgressViewStyle.swift; sourceTree = "<group>"; };
		9547BA082A7E99E100E2B097 /* MeetingFooterView.swift */ = {isa = PBXFileReference; lastKnownFileType = sourcecode.swift; path = MeetingFooterView.swift; sourceTree = "<group>"; };
		9547BA0D2A7E9FAD00E2B097 /* AVPlayer+Ding.swift */ = {isa = PBXFileReference; lastKnownFileType = sourcecode.swift; path = "AVPlayer+Ding.swift"; sourceTree = "<group>"; };
		9547BA102A7EA19300E2B097 /* ding.wav */ = {isa = PBXFileReference; lastKnownFileType = audio.wav; name = ding.wav; path = ../../../../Downloads/ManagingStateAndLifeCycle/StartingProject/Scrumdinger/Resources/ding.wav; sourceTree = "<group>"; };
		954E3C1C2A77DF5F006B993A /* Scrumdinger.app */ = {isa = PBXFileReference; explicitFileType = wrapper.application; includeInIndex = 0; path = Scrumdinger.app; sourceTree = BUILT_PRODUCTS_DIR; };
		954E3C1F2A77DF5F006B993A /* ScrumdingerApp.swift */ = {isa = PBXFileReference; lastKnownFileType = sourcecode.swift; path = ScrumdingerApp.swift; sourceTree = "<group>"; };
		954E3C212A77DF5F006B993A /* MeetingView.swift */ = {isa = PBXFileReference; lastKnownFileType = sourcecode.swift; path = MeetingView.swift; sourceTree = "<group>"; };
		954E3C232A77DF61006B993A /* Assets.xcassets */ = {isa = PBXFileReference; lastKnownFileType = folder.assetcatalog; path = Assets.xcassets; sourceTree = "<group>"; };
		954E3C262A77DF61006B993A /* Preview Assets.xcassets */ = {isa = PBXFileReference; lastKnownFileType = folder.assetcatalog; path = "Preview Assets.xcassets"; sourceTree = "<group>"; };
		95DDD3542A7B03F3001C06DB /* ScrumsView.swift */ = {isa = PBXFileReference; lastKnownFileType = sourcecode.swift; path = ScrumsView.swift; sourceTree = "<group>"; };
		95F6C7D12A79C9F600D34B89 /* Theme.swift */ = {isa = PBXFileReference; lastKnownFileType = sourcecode.swift; path = Theme.swift; sourceTree = "<group>"; };
		95F6C7D32A79CCFA00D34B89 /* DailyScrum.swift */ = {isa = PBXFileReference; lastKnownFileType = sourcecode.swift; path = DailyScrum.swift; sourceTree = "<group>"; };
		95F6C7D52A79CE4200D34B89 /* CardView.swift */ = {isa = PBXFileReference; lastKnownFileType = sourcecode.swift; path = CardView.swift; sourceTree = "<group>"; };
		95F6C7D72A79E0EF00D34B89 /* TrailingIconLabelStyle.swift */ = {isa = PBXFileReference; lastKnownFileType = sourcecode.swift; path = TrailingIconLabelStyle.swift; sourceTree = "<group>"; };
/* End PBXFileReference section */

/* Begin PBXFrameworksBuildPhase section */
		954E3C192A77DF5F006B993A /* Frameworks */ = {
			isa = PBXFrameworksBuildPhase;
			buildActionMask = 2147483647;
			files = (
			);
			runOnlyForDeploymentPostprocessing = 0;
		};
/* End PBXFrameworksBuildPhase section */

/* Begin PBXGroup section */
		9547BA0A2A7E99EC00E2B097 /* MeetingView */ = {
			isa = PBXGroup;
			children = (
				9547BA062A7E974600E2B097 /* ScrumProgressViewStyle.swift */,
				954E3C212A77DF5F006B993A /* MeetingView.swift */,
				9547BA022A7E900500E2B097 /* MeetingHeaderView.swift */,
				9547BA082A7E99E100E2B097 /* MeetingFooterView.swift */,
			);
			path = MeetingView;
			sourceTree = "<group>";
		};
		9547BA0B2A7E9A2900E2B097 /* ScrumsView */ = {
			isa = PBXGroup;
			children = (
				95DDD3542A7B03F3001C06DB /* ScrumsView.swift */,
				95F6C7D52A79CE4200D34B89 /* CardView.swift */,
			);
			path = ScrumsView;
			sourceTree = "<group>";
		};
		9547BA0C2A7E9A5700E2B097 /* DetailEditView */ = {
			isa = PBXGroup;
			children = (
				9547B9FA2A7DC4AA00E2B097 /* DetailEditView.swift */,
				9547B9FE2A7DCC7600E2B097 /* ThemeView.swift */,
				9547BA002A7DCE8600E2B097 /* ThemePicker.swift */,
			);
			path = DetailEditView;
			sourceTree = "<group>";
		};
		9547BA0F2A7EA16400E2B097 /* Resources */ = {
			isa = PBXGroup;
			children = (
				9547BA102A7EA19300E2B097 /* ding.wav */,
			);
			path = Resources;
			sourceTree = "<group>";
		};
		954E3C132A77DF5F006B993A = {
			isa = PBXGroup;
			children = (
				954E3C1E2A77DF5F006B993A /* Scrumdinger */,
				954E3C1D2A77DF5F006B993A /* Products */,
			);
			sourceTree = "<group>";
		};
		954E3C1D2A77DF5F006B993A /* Products */ = {
			isa = PBXGroup;
			children = (
				954E3C1C2A77DF5F006B993A /* Scrumdinger.app */,
			);
			name = Products;
			sourceTree = "<group>";
		};
		954E3C1E2A77DF5F006B993A /* Scrumdinger */ = {
			isa = PBXGroup;
			children = (
				9547BA0F2A7EA16400E2B097 /* Resources */,
				95DDD3562A7B1345001C06DB /* views */,
				95F6C7D02A79C9CC00D34B89 /* Models */,
				954E3C1F2A77DF5F006B993A /* ScrumdingerApp.swift */,
				954E3C232A77DF61006B993A /* Assets.xcassets */,
				954E3C252A77DF61006B993A /* Preview Content */,
			);
			path = Scrumdinger;
			sourceTree = "<group>";
		};
		954E3C252A77DF61006B993A /* Preview Content */ = {
			isa = PBXGroup;
			children = (
				954E3C262A77DF61006B993A /* Preview Assets.xcassets */,
			);
			path = "Preview Content";
			sourceTree = "<group>";
		};
		95DDD3562A7B1345001C06DB /* views */ = {
			isa = PBXGroup;
			children = (
				9547BA0C2A7E9A5700E2B097 /* DetailEditView */,
				9547BA0B2A7E9A2900E2B097 /* ScrumsView */,
				9547BA0A2A7E99EC00E2B097 /* MeetingView */,
				95F6C7D72A79E0EF00D34B89 /* TrailingIconLabelStyle.swift */,
				9547B9FC2A7DC54200E2B097 /* DetailView.swift */,
			);
			path = views;
			sourceTree = "<group>";
		};
		95F6C7D02A79C9CC00D34B89 /* Models */ = {
			isa = PBXGroup;
			children = (
				95F6C7D12A79C9F600D34B89 /* Theme.swift */,
				95F6C7D32A79CCFA00D34B89 /* DailyScrum.swift */,
				9547BA042A7E969000E2B097 /* ScrumTimer.swift */,
				9547BA0D2A7E9FAD00E2B097 /* AVPlayer+Ding.swift */,
			);
			path = Models;
			sourceTree = "<group>";
		};
/* End PBXGroup section */

/* Begin PBXNativeTarget section */
		954E3C1B2A77DF5F006B993A /* Scrumdinger */ = {
			isa = PBXNativeTarget;
			buildConfigurationList = 954E3C2A2A77DF61006B993A /* Build configuration list for PBXNativeTarget "Scrumdinger" */;
			buildPhases = (
				954E3C182A77DF5F006B993A /* Sources */,
				954E3C192A77DF5F006B993A /* Frameworks */,
				954E3C1A2A77DF5F006B993A /* Resources */,
			);
			buildRules = (
			);
			dependencies = (
			);
			name = Scrumdinger;
			productName = Scrumdinger;
			productReference = 954E3C1C2A77DF5F006B993A /* Scrumdinger.app */;
			productType = "com.apple.product-type.application";
		};
/* End PBXNativeTarget section */

/* Begin PBXProject section */
		954E3C142A77DF5F006B993A /* Project object */ = {
			isa = PBXProject;
			attributes = {
				BuildIndependentTargetsInParallel = 1;
				LastSwiftUpdateCheck = 1430;
				LastUpgradeCheck = 1430;
				TargetAttributes = {
					954E3C1B2A77DF5F006B993A = {
						CreatedOnToolsVersion = 14.3.1;
					};
				};
			};
			buildConfigurationList = 954E3C172A77DF5F006B993A /* Build configuration list for PBXProject "Scrumdinger" */;
			compatibilityVersion = "Xcode 14.0";
			developmentRegion = en;
			hasScannedForEncodings = 0;
			knownRegions = (
				en,
				Base,
			);
			mainGroup = 954E3C132A77DF5F006B993A;
			productRefGroup = 954E3C1D2A77DF5F006B993A /* Products */;
			projectDirPath = "";
			projectRoot = "";
			targets = (
				954E3C1B2A77DF5F006B993A /* Scrumdinger */,
			);
		};
/* End PBXProject section */

/* Begin PBXResourcesBuildPhase section */
		954E3C1A2A77DF5F006B993A /* Resources */ = {
			isa = PBXResourcesBuildPhase;
			buildActionMask = 2147483647;
			files = (
				9547BA112A7EA19300E2B097 /* ding.wav in Resources */,
				954E3C272A77DF61006B993A /* Preview Assets.xcassets in Resources */,
				954E3C242A77DF61006B993A /* Assets.xcassets in Resources */,
			);
			runOnlyForDeploymentPostprocessing = 0;
		};
/* End PBXResourcesBuildPhase section */

/* Begin PBXSourcesBuildPhase section */
		954E3C182A77DF5F006B993A /* Sources */ = {
			isa = PBXSourcesBuildPhase;
			buildActionMask = 2147483647;
			files = (
				9547BA012A7DCE8600E2B097 /* ThemePicker.swift in Sources */,
				95F6C7D42A79CCFB00D34B89 /* DailyScrum.swift in Sources */,
				9547BA092A7E99E100E2B097 /* MeetingFooterView.swift in Sources */,
				9547BA072A7E974600E2B097 /* ScrumProgressViewStyle.swift in Sources */,
				9547B9FD2A7DC54200E2B097 /* DetailView.swift in Sources */,
				9547BA032A7E900500E2B097 /* MeetingHeaderView.swift in Sources */,
				95F6C7D82A79E0EF00D34B89 /* TrailingIconLabelStyle.swift in Sources */,
				95F6C7D22A79C9F600D34B89 /* Theme.swift in Sources */,
				9547B9FB2A7DC4AA00E2B097 /* DetailEditView.swift in Sources */,
				95DDD3552A7B03F3001C06DB /* ScrumsView.swift in Sources */,
				954E3C222A77DF5F006B993A /* MeetingView.swift in Sources */,
				954E3C202A77DF5F006B993A /* ScrumdingerApp.swift in Sources */,
				9547B9FF2A7DCC7600E2B097 /* ThemeView.swift in Sources */,
				95F6C7D62A79CE4200D34B89 /* CardView.swift in Sources */,
				9547BA052A7E969000E2B097 /* ScrumTimer.swift in Sources */,
				9547BA0E2A7E9FAD00E2B097 /* AVPlayer+Ding.swift in Sources */,
			);
			runOnlyForDeploymentPostprocessing = 0;
		};
/* End PBXSourcesBuildPhase section */

/* Begin XCBuildConfiguration section */
		954E3C282A77DF61006B993A /* Debug */ = {
			isa = XCBuildConfiguration;
			buildSettings = {
				ALWAYS_SEARCH_USER_PATHS = NO;
				CLANG_ANALYZER_NONNULL = YES;
				CLANG_ANALYZER_NUMBER_OBJECT_CONVERSION = YES_AGGRESSIVE;
				CLANG_CXX_LANGUAGE_STANDARD = "gnu++20";
				CLANG_ENABLE_MODULES = YES;
				CLANG_ENABLE_OBJC_ARC = YES;
				CLANG_ENABLE_OBJC_WEAK = YES;
				CLANG_WARN_BLOCK_CAPTURE_AUTORELEASING = YES;
				CLANG_WARN_BOOL_CONVERSION = YES;
				CLANG_WARN_COMMA = YES;
				CLANG_WARN_CONSTANT_CONVERSION = YES;
				CLANG_WARN_DEPRECATED_OBJC_IMPLEMENTATIONS = YES;
				CLANG_WARN_DIRECT_OBJC_ISA_USAGE = YES_ERROR;
				CLANG_WARN_DOCUMENTATION_COMMENTS = YES;
				CLANG_WARN_EMPTY_BODY = YES;
				CLANG_WARN_ENUM_CONVERSION = YES;
				CLANG_WARN_INFINITE_RECURSION = YES;
				CLANG_WARN_INT_CONVERSION = YES;
				CLANG_WARN_NON_LITERAL_NULL_CONVERSION = YES;
				CLANG_WARN_OBJC_IMPLICIT_RETAIN_SELF = YES;
				CLANG_WARN_OBJC_LITERAL_CONVERSION = YES;
				CLANG_WARN_OBJC_ROOT_CLASS = YES_ERROR;
				CLANG_WARN_QUOTED_INCLUDE_IN_FRAMEWORK_HEADER = YES;
				CLANG_WARN_RANGE_LOOP_ANALYSIS = YES;
				CLANG_WARN_STRICT_PROTOTYPES = YES;
				CLANG_WARN_SUSPICIOUS_MOVE = YES;
				CLANG_WARN_UNGUARDED_AVAILABILITY = YES_AGGRESSIVE;
				CLANG_WARN_UNREACHABLE_CODE = YES;
				CLANG_WARN__DUPLICATE_METHOD_MATCH = YES;
				COPY_PHASE_STRIP = NO;
				DEBUG_INFORMATION_FORMAT = dwarf;
				ENABLE_STRICT_OBJC_MSGSEND = YES;
				ENABLE_TESTABILITY = YES;
				GCC_C_LANGUAGE_STANDARD = gnu11;
				GCC_DYNAMIC_NO_PIC = NO;
				GCC_NO_COMMON_BLOCKS = YES;
				GCC_OPTIMIZATION_LEVEL = 0;
				GCC_PREPROCESSOR_DEFINITIONS = (
					"DEBUG=1",
					"$(inherited)",
				);
				GCC_WARN_64_TO_32_BIT_CONVERSION = YES;
				GCC_WARN_ABOUT_RETURN_TYPE = YES_ERROR;
				GCC_WARN_UNDECLARED_SELECTOR = YES;
				GCC_WARN_UNINITIALIZED_AUTOS = YES_AGGRESSIVE;
				GCC_WARN_UNUSED_FUNCTION = YES;
				GCC_WARN_UNUSED_VARIABLE = YES;
				IPHONEOS_DEPLOYMENT_TARGET = 16.4;
				MTL_ENABLE_DEBUG_INFO = INCLUDE_SOURCE;
				MTL_FAST_MATH = YES;
				ONLY_ACTIVE_ARCH = YES;
				SDKROOT = iphoneos;
				SWIFT_ACTIVE_COMPILATION_CONDITIONS = DEBUG;
				SWIFT_OPTIMIZATION_LEVEL = "-Onone";
			};
			name = Debug;
		};
		954E3C292A77DF61006B993A /* Release */ = {
			isa = XCBuildConfiguration;
			buildSettings = {
				ALWAYS_SEARCH_USER_PATHS = NO;
				CLANG_ANALYZER_NONNULL = YES;
				CLANG_ANALYZER_NUMBER_OBJECT_CONVERSION = YES_AGGRESSIVE;
				CLANG_CXX_LANGUAGE_STANDARD = "gnu++20";
				CLANG_ENABLE_MODULES = YES;
				CLANG_ENABLE_OBJC_ARC = YES;
				CLANG_ENABLE_OBJC_WEAK = YES;
				CLANG_WARN_BLOCK_CAPTURE_AUTORELEASING = YES;
				CLANG_WARN_BOOL_CONVERSION = YES;
				CLANG_WARN_COMMA = YES;
				CLANG_WARN_CONSTANT_CONVERSION = YES;
				CLANG_WARN_DEPRECATED_OBJC_IMPLEMENTATIONS = YES;
				CLANG_WARN_DIRECT_OBJC_ISA_USAGE = YES_ERROR;
				CLANG_WARN_DOCUMENTATION_COMMENTS = YES;
				CLANG_WARN_EMPTY_BODY = YES;
				CLANG_WARN_ENUM_CONVERSION = YES;
				CLANG_WARN_INFINITE_RECURSION = YES;
				CLANG_WARN_INT_CONVERSION = YES;
				CLANG_WARN_NON_LITERAL_NULL_CONVERSION = YES;
				CLANG_WARN_OBJC_IMPLICIT_RETAIN_SELF = YES;
				CLANG_WARN_OBJC_LITERAL_CONVERSION = YES;
				CLANG_WARN_OBJC_ROOT_CLASS = YES_ERROR;
				CLANG_WARN_QUOTED_INCLUDE_IN_FRAMEWORK_HEADER = YES;
				CLANG_WARN_RANGE_LOOP_ANALYSIS = YES;
				CLANG_WARN_STRICT_PROTOTYPES = YES;
				CLANG_WARN_SUSPICIOUS_MOVE = YES;
				CLANG_WARN_UNGUARDED_AVAILABILITY = YES_AGGRESSIVE;
				CLANG_WARN_UNREACHABLE_CODE = YES;
				CLANG_WARN__DUPLICATE_METHOD_MATCH = YES;
				COPY_PHASE_STRIP = NO;
				DEBUG_INFORMATION_FORMAT = "dwarf-with-dsym";
				ENABLE_NS_ASSERTIONS = NO;
				ENABLE_STRICT_OBJC_MSGSEND = YES;
				GCC_C_LANGUAGE_STANDARD = gnu11;
				GCC_NO_COMMON_BLOCKS = YES;
				GCC_WARN_64_TO_32_BIT_CONVERSION = YES;
				GCC_WARN_ABOUT_RETURN_TYPE = YES_ERROR;
				GCC_WARN_UNDECLARED_SELECTOR = YES;
				GCC_WARN_UNINITIALIZED_AUTOS = YES_AGGRESSIVE;
				GCC_WARN_UNUSED_FUNCTION = YES;
				GCC_WARN_UNUSED_VARIABLE = YES;
				IPHONEOS_DEPLOYMENT_TARGET = 16.4;
				MTL_ENABLE_DEBUG_INFO = NO;
				MTL_FAST_MATH = YES;
				SDKROOT = iphoneos;
				SWIFT_COMPILATION_MODE = wholemodule;
				SWIFT_OPTIMIZATION_LEVEL = "-O";
				VALIDATE_PRODUCT = YES;
			};
			name = Release;
		};
		954E3C2B2A77DF61006B993A /* Debug */ = {
			isa = XCBuildConfiguration;
			buildSettings = {
				ASSETCATALOG_COMPILER_APPICON_NAME = AppIcon;
				ASSETCATALOG_COMPILER_GLOBAL_ACCENT_COLOR_NAME = AccentColor;
				CODE_SIGN_STYLE = Automatic;
				CURRENT_PROJECT_VERSION = 1;
				DEVELOPMENT_ASSET_PATHS = "\"Scrumdinger/Preview Content\"";
				ENABLE_PREVIEWS = YES;
				GENERATE_INFOPLIST_FILE = YES;
				INFOPLIST_KEY_UIApplicationSceneManifest_Generation = YES;
				INFOPLIST_KEY_UIApplicationSupportsIndirectInputEvents = YES;
				INFOPLIST_KEY_UILaunchScreen_Generation = YES;
				INFOPLIST_KEY_UISupportedInterfaceOrientations_iPad = "UIInterfaceOrientationPortrait UIInterfaceOrientationPortraitUpsideDown UIInterfaceOrientationLandscapeLeft UIInterfaceOrientationLandscapeRight";
				INFOPLIST_KEY_UISupportedInterfaceOrientations_iPhone = "UIInterfaceOrientationPortrait UIInterfaceOrientationLandscapeLeft UIInterfaceOrientationLandscapeRight";
				LD_RUNPATH_SEARCH_PATHS = (
					"$(inherited)",
					"@executable_path/Frameworks",
				);
				MARKETING_VERSION = 1.0;
				PRODUCT_BUNDLE_IDENTIFIER = con.example.Scrumdinger;
				PRODUCT_NAME = "$(TARGET_NAME)";
				SWIFT_EMIT_LOC_STRINGS = YES;
				SWIFT_VERSION = 5.0;
				TARGETED_DEVICE_FAMILY = "1,2";
			};
			name = Debug;
		};
		954E3C2C2A77DF61006B993A /* Release */ = {
			isa = XCBuildConfiguration;
			buildSettings = {
				ASSETCATALOG_COMPILER_APPICON_NAME = AppIcon;
				ASSETCATALOG_COMPILER_GLOBAL_ACCENT_COLOR_NAME = AccentColor;
				CODE_SIGN_STYLE = Automatic;
				CURRENT_PROJECT_VERSION = 1;
				DEVELOPMENT_ASSET_PATHS = "\"Scrumdinger/Preview Content\"";
				ENABLE_PREVIEWS = YES;
				GENERATE_INFOPLIST_FILE = YES;
				INFOPLIST_KEY_UIApplicationSceneManifest_Generation = YES;
				INFOPLIST_KEY_UIApplicationSupportsIndirectInputEvents = YES;
				INFOPLIST_KEY_UILaunchScreen_Generation = YES;
				INFOPLIST_KEY_UISupportedInterfaceOrientations_iPad = "UIInterfaceOrientationPortrait UIInterfaceOrientationPortraitUpsideDown UIInterfaceOrientationLandscapeLeft UIInterfaceOrientationLandscapeRight";
				INFOPLIST_KEY_UISupportedInterfaceOrientations_iPhone = "UIInterfaceOrientationPortrait UIInterfaceOrientationLandscapeLeft UIInterfaceOrientationLandscapeRight";
				LD_RUNPATH_SEARCH_PATHS = (
					"$(inherited)",
					"@executable_path/Frameworks",
				);
				MARKETING_VERSION = 1.0;
				PRODUCT_BUNDLE_IDENTIFIER = con.example.Scrumdinger;
				PRODUCT_NAME = "$(TARGET_NAME)";
				SWIFT_EMIT_LOC_STRINGS = YES;
				SWIFT_VERSION = 5.0;
				TARGETED_DEVICE_FAMILY = "1,2";
			};
			name = Release;
		};
/* End XCBuildConfiguration section */

/* Begin XCConfigurationList section */
		954E3C172A77DF5F006B993A /* Build configuration list for PBXProject "Scrumdinger" */ = {
			isa = XCConfigurationList;
			buildConfigurations = (
				954E3C282A77DF61006B993A /* Debug */,
				954E3C292A77DF61006B993A /* Release */,
			);
			defaultConfigurationIsVisible = 0;
			defaultConfigurationName = Release;
		};
		954E3C2A2A77DF61006B993A /* Build configuration list for PBXNativeTarget "Scrumdinger" */ = {
			isa = XCConfigurationList;
			buildConfigurations = (
				954E3C2B2A77DF61006B993A /* Debug */,
				954E3C2C2A77DF61006B993A /* Release */,
			);
			defaultConfigurationIsVisible = 0;
			defaultConfigurationName = Release;
		};
/* End XCConfigurationList section */
	};
	rootObject = 954E3C142A77DF5F006B993A /* Project object */;
}
